
Microsoft Visual Studio Solution File, Format Version 12.00
# Visual Studio Version 17
VisualStudioVersion = 17.11.35312.102
MinimumVisualStudioVersion = 10.0.40219.1
Project("{FAE04EC0-301F-11D3-BF4B-00C04F79EFBC}") = "Assembly-CSharp", "Assembly-CSharp.csproj", "{BD1FD984-724D-F5F5-A322-D2DCEB93D226}"
EndProject
Project("{FAE04EC0-301F-11D3-BF4B-00C04F79EFBC}") = "Assembly-CSharp-firstpass", "Assembly-CSharp-firstpass.csproj", "{1AED3667-A12C-6B2B-1A09-A77D8705323D}"
EndProject
Project("{FAE04EC0-301F-11D3-BF4B-00C04F79EFBC}") = "RadicalForge.Blockout", "RadicalForge.Blockout.csproj", "{B38CFCEE-1525-80B5-380F-24A4EB693442}"
EndProject
Project("{FAE04EC0-301F-11D3-BF4B-00C04F79EFBC}") = "Assembly-CSharp-Editor-firstpass", "Assembly-CSharp-Editor-firstpass.csproj", "{1F16B808-BE42-7B45-D835-66D860973CDA}"
EndProject
Project("{FAE04EC0-301F-11D3-BF4B-00C04F79EFBC}") = "Assembly-CSharp-Editor", "Assembly-CSharp-Editor.csproj", "{F58451B7-52C6-6746-214D-DBBC36346C4B}"
EndProject
Project("{FAE04EC0-301F-11D3-BF4B-00C04F79EFBC}") = "RadicalForge.Blockout.Editor", "RadicalForge.Blockout.Editor.csproj", "{19185D02-D672-7B58-DA86-4B4B08240B19}"
EndProject
Global
	GlobalSection(SolutionConfigurationPlatforms) = preSolution
		Debug|Any CPU = Debug|Any CPU
		Release|Any CPU = Release|Any CPU
	EndGlobalSection
	GlobalSection(ProjectConfigurationPlatforms) = postSolution
		{BD1FD984-724D-F5F5-A322-D2DCEB93D226}.Debug|Any CPU.ActiveCfg = Debug|Any CPU
		{BD1FD984-724D-F5F5-A322-D2DCEB93D226}.Debug|Any CPU.Build.0 = Debug|Any CPU
		{BD1FD984-724D-F5F5-A322-D2DCEB93D226}.Release|Any CPU.ActiveCfg = Release|Any CPU
		{BD1FD984-724D-F5F5-A322-D2DCEB93D226}.Release|Any CPU.Build.0 = Release|Any CPU
		{1AED3667-A12C-6B2B-1A09-A77D8705323D}.Debug|Any CPU.ActiveCfg = Debug|Any CPU
		{1AED3667-A12C-6B2B-1A09-A77D8705323D}.Debug|Any CPU.Build.0 = Debug|Any CPU
		{1AED3667-A12C-6B2B-1A09-A77D8705323D}.Release|Any CPU.ActiveCfg = Release|Any CPU
		{1AED3667-A12C-6B2B-1A09-A77D8705323D}.Release|Any CPU.Build.0 = Release|Any CPU
		{B38CFCEE-1525-80B5-380F-24A4EB693442}.Debug|Any CPU.ActiveCfg = Debug|Any CPU
		{B38CFCEE-1525-80B5-380F-24A4EB693442}.Debug|Any CPU.Build.0 = Debug|Any CPU
		{B38CFCEE-1525-80B5-380F-24A4EB693442}.Release|Any CPU.ActiveCfg = Release|Any CPU
		{B38CFCEE-1525-80B5-380F-24A4EB693442}.Release|Any CPU.Build.0 = Release|Any CPU
		{1F16B808-BE42-7B45-D835-66D860973CDA}.Debug|Any CPU.ActiveCfg = Debug|Any CPU
		{1F16B808-BE42-7B45-D835-66D860973CDA}.Debug|Any CPU.Build.0 = Debug|Any CPU
		{1F16B808-BE42-7B45-D835-66D860973CDA}.Release|Any CPU.ActiveCfg = Release|Any CPU
		{1F16B808-BE42-7B45-D835-66D860973CDA}.Release|Any CPU.Build.0 = Release|Any CPU
		{F58451B7-52C6-6746-214D-DBBC36346C4B}.Debug|Any CPU.ActiveCfg = Debug|Any CPU
		{F58451B7-52C6-6746-214D-DBBC36346C4B}.Debug|Any CPU.Build.0 = Debug|Any CPU
		{F58451B7-52C6-6746-214D-DBBC36346C4B}.Release|Any CPU.ActiveCfg = Release|Any CPU
		{F58451B7-52C6-6746-214D-DBBC36346C4B}.Release|Any CPU.Build.0 = Release|Any CPU
		{19185D02-D672-7B58-DA86-4B4B08240B19}.Debug|Any CPU.ActiveCfg = Debug|Any CPU
		{19185D02-D672-7B58-DA86-4B4B08240B19}.Debug|Any CPU.Build.0 = Debug|Any CPU
		{19185D02-D672-7B58-DA86-4B4B08240B19}.Release|Any CPU.ActiveCfg = Release|Any CPU
		{19185D02-D672-7B58-DA86-4B4B08240B19}.Release|Any CPU.Build.0 = Release|Any CPU
	EndGlobalSection
	GlobalSection(SolutionProperties) = preSolution
		HideSolutionNode = FALSE
	EndGlobalSection
EndGlobal
